
Microsoft Visual Studio Solution File, Format Version 12.00
# Visual Studio Version 16
VisualStudioVersion = 16.0.29709.97
MinimumVisualStudioVersion = 10.0.40219.1
Project("{FAE04EC0-301F-11D3-BF4B-00C04F79EFBC}") = "KCafe_Repo", "GoldBadgeConsoleAppChallenge\KCafe_Repo.csproj", "{AD134904-AAF4-4BEA-A14C-37609C85F4BD}"
EndProject
Project("{2150E333-8FDC-42A3-9474-1A3956D46DE8}") = "01_KCafe", "01_KCafe", "{CA3D0B28-E18C-4434-8ECF-99655BFE2E60}"
EndProject
Project("{FAE04EC0-301F-11D3-BF4B-00C04F79EFBC}") = "KCafe_Test", "KCafe_Test\KCafe_Test.csproj", "{F75C8FEF-8CD3-4F0C-BF8C-4758524AD7CA}"
EndProject
Project("{FAE04EC0-301F-11D3-BF4B-00C04F79EFBC}") = "KCafe_Console", "KCafe_Repo\KCafe_Console.csproj", "{8380D229-EC13-46D9-A449-11389E198F1F}"
EndProject
Project("{2150E333-8FDC-42A3-9474-1A3956D46DE8}") = "02_Claims", "02_Claims", "{DD6EBC11-AF67-4A13-B650-3D71DC98EA69}"
EndProject
Project("{FAE04EC0-301F-11D3-BF4B-00C04F79EFBC}") = "Insurance_Repo", "KInsurance_Repo\Insurance_Repo.csproj", "{287EA985-1333-48AA-9ACB-E36FEFA558BD}"
EndProject
Project("{FAE04EC0-301F-11D3-BF4B-00C04F79EFBC}") = "Insurance_UI", "Insurance_UI\Insurance_UI.csproj", "{E0692F50-8D6B-4C4A-98B4-603A111E412E}"
EndProject
Project("{2150E333-8FDC-42A3-9474-1A3956D46DE8}") = "03_Badges", "03_Badges", "{6E74EF46-1015-4CA8-8C4E-94AE9AFFE544}"
EndProject
Project("{FAE04EC0-301F-11D3-BF4B-00C04F79EFBC}") = "Main_UI", "Contents_Repo\Main_UI.csproj", "{36F8DBCB-707A-458D-8F15-EC7D8AB67F36}"
EndProject
Project("{FAE04EC0-301F-11D3-BF4B-00C04F79EFBC}") = "Content_Repo", "Content_Repo\Content_Repo.csproj", "{A555DE1E-507E-40D9-BD98-71619E0B17BC}"
EndProject
Global
	GlobalSection(SolutionConfigurationPlatforms) = preSolution
		Debug|Any CPU = Debug|Any CPU
		Release|Any CPU = Release|Any CPU
	EndGlobalSection
	GlobalSection(ProjectConfigurationPlatforms) = postSolution
		{AD134904-AAF4-4BEA-A14C-37609C85F4BD}.Debug|Any CPU.ActiveCfg = Debug|Any CPU
		{AD134904-AAF4-4BEA-A14C-37609C85F4BD}.Debug|Any CPU.Build.0 = Debug|Any CPU
		{AD134904-AAF4-4BEA-A14C-37609C85F4BD}.Release|Any CPU.ActiveCfg = Release|Any CPU
		{AD134904-AAF4-4BEA-A14C-37609C85F4BD}.Release|Any CPU.Build.0 = Release|Any CPU
		{F75C8FEF-8CD3-4F0C-BF8C-4758524AD7CA}.Debug|Any CPU.ActiveCfg = Debug|Any CPU
		{F75C8FEF-8CD3-4F0C-BF8C-4758524AD7CA}.Debug|Any CPU.Build.0 = Debug|Any CPU
		{F75C8FEF-8CD3-4F0C-BF8C-4758524AD7CA}.Release|Any CPU.ActiveCfg = Release|Any CPU
		{F75C8FEF-8CD3-4F0C-BF8C-4758524AD7CA}.Release|Any CPU.Build.0 = Release|Any CPU
		{8380D229-EC13-46D9-A449-11389E198F1F}.Debug|Any CPU.ActiveCfg = Debug|Any CPU
		{8380D229-EC13-46D9-A449-11389E198F1F}.Debug|Any CPU.Build.0 = Debug|Any CPU
		{8380D229-EC13-46D9-A449-11389E198F1F}.Release|Any CPU.ActiveCfg = Release|Any CPU
		{8380D229-EC13-46D9-A449-11389E198F1F}.Release|Any CPU.Build.0 = Release|Any CPU
		{287EA985-1333-48AA-9ACB-E36FEFA558BD}.Debug|Any CPU.ActiveCfg = Debug|Any CPU
		{287EA985-1333-48AA-9ACB-E36FEFA558BD}.Debug|Any CPU.Build.0 = Debug|Any CPU
		{287EA985-1333-48AA-9ACB-E36FEFA558BD}.Release|Any CPU.ActiveCfg = Release|Any CPU
		{287EA985-1333-48AA-9ACB-E36FEFA558BD}.Release|Any CPU.Build.0 = Release|Any CPU
		{E0692F50-8D6B-4C4A-98B4-603A111E412E}.Debug|Any CPU.ActiveCfg = Debug|Any CPU
		{E0692F50-8D6B-4C4A-98B4-603A111E412E}.Debug|Any CPU.Build.0 = Debug|Any CPU
		{E0692F50-8D6B-4C4A-98B4-603A111E412E}.Release|Any CPU.ActiveCfg = Release|Any CPU
		{E0692F50-8D6B-4C4A-98B4-603A111E412E}.Release|Any CPU.Build.0 = Release|Any CPU
		{36F8DBCB-707A-458D-8F15-EC7D8AB67F36}.Debug|Any CPU.ActiveCfg = Debug|Any CPU
		{36F8DBCB-707A-458D-8F15-EC7D8AB67F36}.Debug|Any CPU.Build.0 = Debug|Any CPU
		{36F8DBCB-707A-458D-8F15-EC7D8AB67F36}.Release|Any CPU.ActiveCfg = Release|Any CPU
		{36F8DBCB-707A-458D-8F15-EC7D8AB67F36}.Release|Any CPU.Build.0 = Release|Any CPU
		{A555DE1E-507E-40D9-BD98-71619E0B17BC}.Debug|Any CPU.ActiveCfg = Debug|Any CPU
		{A555DE1E-507E-40D9-BD98-71619E0B17BC}.Debug|Any CPU.Build.0 = Debug|Any CPU
		{A555DE1E-507E-40D9-BD98-71619E0B17BC}.Release|Any CPU.ActiveCfg = Release|Any CPU
		{A555DE1E-507E-40D9-BD98-71619E0B17BC}.Release|Any CPU.Build.0 = Release|Any CPU
	EndGlobalSection
	GlobalSection(SolutionProperties) = preSolution
		HideSolutionNode = FALSE
	EndGlobalSection
	GlobalSection(NestedProjects) = preSolution
		{AD134904-AAF4-4BEA-A14C-37609C85F4BD} = {CA3D0B28-E18C-4434-8ECF-99655BFE2E60}
		{F75C8FEF-8CD3-4F0C-BF8C-4758524AD7CA} = {CA3D0B28-E18C-4434-8ECF-99655BFE2E60}
		{8380D229-EC13-46D9-A449-11389E198F1F} = {CA3D0B28-E18C-4434-8ECF-99655BFE2E60}
		{287EA985-1333-48AA-9ACB-E36FEFA558BD} = {DD6EBC11-AF67-4A13-B650-3D71DC98EA69}
		{E0692F50-8D6B-4C4A-98B4-603A111E412E} = {DD6EBC11-AF67-4A13-B650-3D71DC98EA69}
		{36F8DBCB-707A-458D-8F15-EC7D8AB67F36} = {6E74EF46-1015-4CA8-8C4E-94AE9AFFE544}
		{A555DE1E-507E-40D9-BD98-71619E0B17BC} = {6E74EF46-1015-4CA8-8C4E-94AE9AFFE544}
	EndGlobalSection
	GlobalSection(ExtensibilityGlobals) = postSolution
		SolutionGuid = {6C514625-C7D8-4C19-8E4A-076D7DD3C5F0}
	EndGlobalSection
EndGlobal
